
Microsoft Visual Studio Solution File, Format Version 12.00
# Visual Studio Version 17
VisualStudioVersion = 17.0.31912.275
MinimumVisualStudioVersion = 10.0.40219.1
Project("{FAE04EC0-301F-11D3-BF4B-00C04F79EFBC}") = "SportClubSchedulerAPI", "SportClubSchedulerAPI\SportClubSchedulerAPI.csproj", "{3FCB77EA-6828-4F7F-8273-18B13FFD8AF7}"
EndProject
Global
	GlobalSection(SolutionConfigurationPlatforms) = preSolution
		Debug|Any CPU = Debug|Any CPU
		Release|Any CPU = Release|Any CPU
	EndGlobalSection
	GlobalSection(ProjectConfigurationPlatforms) = postSolution
		{3FCB77EA-6828-4F7F-8273-18B13FFD8AF7}.Debug|Any CPU.ActiveCfg = Debug|Any CPU
		{3FCB77EA-6828-4F7F-8273-18B13FFD8AF7}.Debug|Any CPU.Build.0 = Debug|Any CPU
		{3FCB77EA-6828-4F7F-8273-18B13FFD8AF7}.Release|Any CPU.ActiveCfg = Release|Any CPU
		{3FCB77EA-6828-4F7F-8273-18B13FFD8AF7}.Release|Any CPU.Build.0 = Release|Any CPU
	EndGlobalSection
	GlobalSection(SolutionProperties) = preSolution
		HideSolutionNode = FALSE
	EndGlobalSection
	GlobalSection(ExtensibilityGlobals) = postSolution
		SolutionGuid = {7062BFD4-8E2E-4DD2-8C22-8D0789098935}
	EndGlobalSection
EndGlobal
